
Microsoft Visual Studio Solution File, Format Version 12.00
# Visual Studio Version 17
VisualStudioVersion = 17.9.34622.214
MinimumVisualStudioVersion = 10.0.40219.1
Project("{9A19103F-16F7-4668-BE54-9A1E7A4F7556}") = "CubeWithLight", "3dLight\CubeWithLight.csproj", "{4831F8A3-FB22-4C28-A8FC-892852AE7377}"
EndProject
Global
	GlobalSection(SolutionConfigurationPlatforms) = preSolution
		Debug|Any CPU = Debug|Any CPU
		Release|Any CPU = Release|Any CPU
	EndGlobalSection
	GlobalSection(ProjectConfigurationPlatforms) = postSolution
		{4831F8A3-FB22-4C28-A8FC-892852AE7377}.Debug|Any CPU.ActiveCfg = Debug|Any CPU
		{4831F8A3-FB22-4C28-A8FC-892852AE7377}.Debug|Any CPU.Build.0 = Debug|Any CPU
		{4831F8A3-FB22-4C28-A8FC-892852AE7377}.Release|Any CPU.ActiveCfg = Release|Any CPU
		{4831F8A3-FB22-4C28-A8FC-892852AE7377}.Release|Any CPU.Build.0 = Release|Any CPU
	EndGlobalSection
	GlobalSection(SolutionProperties) = preSolution
		HideSolutionNode = FALSE
	EndGlobalSection
	GlobalSection(ExtensibilityGlobals) = postSolution
		SolutionGuid = {CC502942-0CE5-46DC-91C1-4B7E100B94AE}
	EndGlobalSection
EndGlobal
